
Microsoft Visual Studio Solution File, Format Version 12.00
# Visual Studio Version 17
VisualStudioVersion = 17.7.34024.191
MinimumVisualStudioVersion = 10.0.40219.1
Project("{FAE04EC0-301F-11D3-BF4B-00C04F79EFBC}") = "MessageService", "MessageService\MessageService.csproj", "{C86159EF-CF95-4596-8BF9-B0123627E93B}"
EndProject
Project("{FAE04EC0-301F-11D3-BF4B-00C04F79EFBC}") = "Host", "Host\Host.csproj", "{5F161A1E-56E8-4622-9FEB-06CCD8B0477D}"
EndProject
Project("{9A19103F-16F7-4668-BE54-9A1E7A4F7556}") = "TestProject", "TestProject\TestProject.csproj", "{C403E072-1269-4512-947C-FD5A2286A9F3}"
EndProject
Global
	GlobalSection(SolutionConfigurationPlatforms) = preSolution
		Debug|Any CPU = Debug|Any CPU
		Release|Any CPU = Release|Any CPU
	EndGlobalSection
	GlobalSection(ProjectConfigurationPlatforms) = postSolution
		{C86159EF-CF95-4596-8BF9-B0123627E93B}.Debug|Any CPU.ActiveCfg = Debug|Any CPU
		{C86159EF-CF95-4596-8BF9-B0123627E93B}.Debug|Any CPU.Build.0 = Debug|Any CPU
		{C86159EF-CF95-4596-8BF9-B0123627E93B}.Release|Any CPU.ActiveCfg = Release|Any CPU
		{C86159EF-CF95-4596-8BF9-B0123627E93B}.Release|Any CPU.Build.0 = Release|Any CPU
		{5F161A1E-56E8-4622-9FEB-06CCD8B0477D}.Debug|Any CPU.ActiveCfg = Debug|Any CPU
		{5F161A1E-56E8-4622-9FEB-06CCD8B0477D}.Debug|Any CPU.Build.0 = Debug|Any CPU
		{5F161A1E-56E8-4622-9FEB-06CCD8B0477D}.Release|Any CPU.ActiveCfg = Release|Any CPU
		{5F161A1E-56E8-4622-9FEB-06CCD8B0477D}.Release|Any CPU.Build.0 = Release|Any CPU
		{C403E072-1269-4512-947C-FD5A2286A9F3}.Debug|Any CPU.ActiveCfg = Debug|Any CPU
		{C403E072-1269-4512-947C-FD5A2286A9F3}.Debug|Any CPU.Build.0 = Debug|Any CPU
		{C403E072-1269-4512-947C-FD5A2286A9F3}.Release|Any CPU.ActiveCfg = Release|Any CPU
		{C403E072-1269-4512-947C-FD5A2286A9F3}.Release|Any CPU.Build.0 = Release|Any CPU
	EndGlobalSection
	GlobalSection(SolutionProperties) = preSolution
		HideSolutionNode = FALSE
	EndGlobalSection
	GlobalSection(ExtensibilityGlobals) = postSolution
		SolutionGuid = {22652948-8B5A-4D37-9E82-67CB9693E70C}
	EndGlobalSection
EndGlobal
